
Microsoft Visual Studio Solution File, Format Version 12.00
# Visual Studio Version 16
VisualStudioVersion = 16.0.31410.357
MinimumVisualStudioVersion = 10.0.40219.1
Project("{FAE04EC0-301F-11D3-BF4B-00C04F79EFBC}") = "TextBoxBindingTextBlock", "TextBoxBindingTextBlock\TextBoxBindingTextBlock.csproj", "{564B71EF-67F1-4618-93BA-AB2B987C09A9}"
EndProject
Project("{FAE04EC0-301F-11D3-BF4B-00C04F79EFBC}") = "DataContextBinding", "DataContextBinding\DataContextBinding.csproj", "{C24674BC-26B6-4A36-B66E-CB7C1B09D80A}"
EndProject
Project("{FAE04EC0-301F-11D3-BF4B-00C04F79EFBC}") = "DataBindingWithCodeBehinde", "DataBindingWithCodeBehinde\DataBindingWithCodeBehinde.csproj", "{BB066D8A-DAA2-4240-AAC3-91FA62F3D852}"
EndProject
Project("{FAE04EC0-301F-11D3-BF4B-00C04F79EFBC}") = "UpdateSourceTriggerProperty", "UpdateSourceTriggerProperty\UpdateSourceTriggerProperty.csproj", "{7AAE0E5D-6B09-490E-B8D1-98FF420D1DDF}"
EndProject
Project("{FAE04EC0-301F-11D3-BF4B-00C04F79EFBC}") = "RespondToChanges", "RespondToChanges\RespondToChanges.csproj", "{49E1C35B-5AF1-4FF3-80B5-F3A7D81E17DF}"
EndProject
Global
	GlobalSection(SolutionConfigurationPlatforms) = preSolution
		Debug|Any CPU = Debug|Any CPU
		Release|Any CPU = Release|Any CPU
	EndGlobalSection
	GlobalSection(ProjectConfigurationPlatforms) = postSolution
		{564B71EF-67F1-4618-93BA-AB2B987C09A9}.Debug|Any CPU.ActiveCfg = Debug|Any CPU
		{564B71EF-67F1-4618-93BA-AB2B987C09A9}.Debug|Any CPU.Build.0 = Debug|Any CPU
		{564B71EF-67F1-4618-93BA-AB2B987C09A9}.Release|Any CPU.ActiveCfg = Release|Any CPU
		{564B71EF-67F1-4618-93BA-AB2B987C09A9}.Release|Any CPU.Build.0 = Release|Any CPU
		{C24674BC-26B6-4A36-B66E-CB7C1B09D80A}.Debug|Any CPU.ActiveCfg = Debug|Any CPU
		{C24674BC-26B6-4A36-B66E-CB7C1B09D80A}.Debug|Any CPU.Build.0 = Debug|Any CPU
		{C24674BC-26B6-4A36-B66E-CB7C1B09D80A}.Release|Any CPU.ActiveCfg = Release|Any CPU
		{C24674BC-26B6-4A36-B66E-CB7C1B09D80A}.Release|Any CPU.Build.0 = Release|Any CPU
		{BB066D8A-DAA2-4240-AAC3-91FA62F3D852}.Debug|Any CPU.ActiveCfg = Debug|Any CPU
		{BB066D8A-DAA2-4240-AAC3-91FA62F3D852}.Debug|Any CPU.Build.0 = Debug|Any CPU
		{BB066D8A-DAA2-4240-AAC3-91FA62F3D852}.Release|Any CPU.ActiveCfg = Release|Any CPU
		{BB066D8A-DAA2-4240-AAC3-91FA62F3D852}.Release|Any CPU.Build.0 = Release|Any CPU
		{7AAE0E5D-6B09-490E-B8D1-98FF420D1DDF}.Debug|Any CPU.ActiveCfg = Debug|Any CPU
		{7AAE0E5D-6B09-490E-B8D1-98FF420D1DDF}.Debug|Any CPU.Build.0 = Debug|Any CPU
		{7AAE0E5D-6B09-490E-B8D1-98FF420D1DDF}.Release|Any CPU.ActiveCfg = Release|Any CPU
		{7AAE0E5D-6B09-490E-B8D1-98FF420D1DDF}.Release|Any CPU.Build.0 = Release|Any CPU
		{49E1C35B-5AF1-4FF3-80B5-F3A7D81E17DF}.Debug|Any CPU.ActiveCfg = Debug|Any CPU
		{49E1C35B-5AF1-4FF3-80B5-F3A7D81E17DF}.Debug|Any CPU.Build.0 = Debug|Any CPU
		{49E1C35B-5AF1-4FF3-80B5-F3A7D81E17DF}.Release|Any CPU.ActiveCfg = Release|Any CPU
		{49E1C35B-5AF1-4FF3-80B5-F3A7D81E17DF}.Release|Any CPU.Build.0 = Release|Any CPU
	EndGlobalSection
	GlobalSection(SolutionProperties) = preSolution
		HideSolutionNode = FALSE
	EndGlobalSection
	GlobalSection(ExtensibilityGlobals) = postSolution
		SolutionGuid = {CAA5A1E8-FEF6-4866-9216-65FA46CC241D}
	EndGlobalSection
EndGlobal
